// !$*UTF8*$!
{
	archiveVersion = 1;
	classes = {
	};
	objectVersion = 50;
	objects = {

/* Begin PBXBuildFile section */
		9479E0A62548B55B00FE92EC /* UIView+Extension.swift in Sources */ = {isa = PBXBuildFile; fileRef = 9479E0A52548B55B00FE92EC /* UIView+Extension.swift */; };
		948296E625479E3500B93641 /* PlayFittBounceViewController.swift in Sources */ = {isa = PBXBuildFile; fileRef = 948296E525479E3500B93641 /* PlayFittBounceViewController.swift */; };
		948296EA25479EF000B93641 /* PlayFittBounceView.swift in Sources */ = {isa = PBXBuildFile; fileRef = 948296E925479EF000B93641 /* PlayFittBounceView.swift */; };
		948296EE25479F0300B93641 /* PlayFittBounceView.xib in Resources */ = {isa = PBXBuildFile; fileRef = 948296ED25479F0300B93641 /* PlayFittBounceView.xib */; };
		948296F32547C32300B93641 /* SpinningGritViewController.swift in Sources */ = {isa = PBXBuildFile; fileRef = 948296F22547C32300B93641 /* SpinningGritViewController.swift */; };
		94C259C42547445600EDB439 /* AppDelegate.swift in Sources */ = {isa = PBXBuildFile; fileRef = 94C259C32547445600EDB439 /* AppDelegate.swift */; };
		94C259C62547445600EDB439 /* SceneDelegate.swift in Sources */ = {isa = PBXBuildFile; fileRef = 94C259C52547445600EDB439 /* SceneDelegate.swift */; };
		94C259C82547445600EDB439 /* CirclesViewController.swift in Sources */ = {isa = PBXBuildFile; fileRef = 94C259C72547445600EDB439 /* CirclesViewController.swift */; };
		94C259CB2547445600EDB439 /* Main.storyboard in Resources */ = {isa = PBXBuildFile; fileRef = 94C259C92547445600EDB439 /* Main.storyboard */; };
		94C259CD2547445800EDB439 /* Assets.xcassets in Resources */ = {isa = PBXBuildFile; fileRef = 94C259CC2547445800EDB439 /* Assets.xcassets */; };
		94C259D02547445800EDB439 /* LaunchScreen.storyboard in Resources */ = {isa = PBXBuildFile; fileRef = 94C259CE2547445800EDB439 /* LaunchScreen.storyboard */; };
		94C259DC2547459900EDB439 /* CircleStackView.swift in Sources */ = {isa = PBXBuildFile; fileRef = 94C259DB2547459900EDB439 /* CircleStackView.swift */; };
		94C259EA2547614100EDB439 /* SecondCirclesViewController.swift in Sources */ = {isa = PBXBuildFile; fileRef = 94C259E92547614100EDB439 /* SecondCirclesViewController.swift */; };
		94C259EE2547828400EDB439 /* CircleTriangleViewController.swift in Sources */ = {isa = PBXBuildFile; fileRef = 94C259ED2547828400EDB439 /* CircleTriangleViewController.swift */; };
/* End PBXBuildFile section */

/* Begin PBXFileReference section */
		9479E0A52548B55B00FE92EC /* UIView+Extension.swift */ = {isa = PBXFileReference; lastKnownFileType = sourcecode.swift; path = "UIView+Extension.swift"; sourceTree = "<group>"; };
		948296E525479E3500B93641 /* PlayFittBounceViewController.swift */ = {isa = PBXFileReference; lastKnownFileType = sourcecode.swift; path = PlayFittBounceViewController.swift; sourceTree = "<group>"; };
		948296E925479EF000B93641 /* PlayFittBounceView.swift */ = {isa = PBXFileReference; lastKnownFileType = sourcecode.swift; path = PlayFittBounceView.swift; sourceTree = "<group>"; };
		948296ED25479F0300B93641 /* PlayFittBounceView.xib */ = {isa = PBXFileReference; lastKnownFileType = file.xib; path = PlayFittBounceView.xib; sourceTree = "<group>"; };
		948296F22547C32300B93641 /* SpinningGritViewController.swift */ = {isa = PBXFileReference; lastKnownFileType = sourcecode.swift; path = SpinningGritViewController.swift; sourceTree = "<group>"; };
		94C259C02547445600EDB439 /* Shape-Animations.app */ = {isa = PBXFileReference; explicitFileType = wrapper.application; includeInIndex = 0; path = "Shape-Animations.app"; sourceTree = BUILT_PRODUCTS_DIR; };
		94C259C32547445600EDB439 /* AppDelegate.swift */ = {isa = PBXFileReference; lastKnownFileType = sourcecode.swift; path = AppDelegate.swift; sourceTree = "<group>"; };
		94C259C52547445600EDB439 /* SceneDelegate.swift */ = {isa = PBXFileReference; lastKnownFileType = sourcecode.swift; path = SceneDelegate.swift; sourceTree = "<group>"; };
		94C259C72547445600EDB439 /* CirclesViewController.swift */ = {isa = PBXFileReference; lastKnownFileType = sourcecode.swift; path = CirclesViewController.swift; sourceTree = "<group>"; };
		94C259CA2547445600EDB439 /* Base */ = {isa = PBXFileReference; lastKnownFileType = file.storyboard; name = Base; path = Base.lproj/Main.storyboard; sourceTree = "<group>"; };
		94C259CC2547445800EDB439 /* Assets.xcassets */ = {isa = PBXFileReference; lastKnownFileType = folder.assetcatalog; path = Assets.xcassets; sourceTree = "<group>"; };
		94C259CF2547445800EDB439 /* Base */ = {isa = PBXFileReference; lastKnownFileType = file.storyboard; name = Base; path = Base.lproj/LaunchScreen.storyboard; sourceTree = "<group>"; };
		94C259D12547445800EDB439 /* Info.plist */ = {isa = PBXFileReference; lastKnownFileType = text.plist.xml; path = Info.plist; sourceTree = "<group>"; };
		94C259DB2547459900EDB439 /* CircleStackView.swift */ = {isa = PBXFileReference; lastKnownFileType = sourcecode.swift; path = CircleStackView.swift; sourceTree = "<group>"; };
		94C259E92547614100EDB439 /* SecondCirclesViewController.swift */ = {isa = PBXFileReference; lastKnownFileType = sourcecode.swift; path = SecondCirclesViewController.swift; sourceTree = "<group>"; };
		94C259ED2547828400EDB439 /* CircleTriangleViewController.swift */ = {isa = PBXFileReference; lastKnownFileType = sourcecode.swift; path = CircleTriangleViewController.swift; sourceTree = "<group>"; };
/* End PBXFileReference section */

/* Begin PBXFrameworksBuildPhase section */
		94C259BD2547445600EDB439 /* Frameworks */ = {
			isa = PBXFrameworksBuildPhase;
			buildActionMask = 2147483647;
			files = (
			);
			runOnlyForDeploymentPostprocessing = 0;
		};
/* End PBXFrameworksBuildPhase section */

/* Begin PBXGroup section */
		948296E825479ED500B93641 /* PlayFittBounceView */ = {
			isa = PBXGroup;
			children = (
				948296E925479EF000B93641 /* PlayFittBounceView.swift */,
				948296ED25479F0300B93641 /* PlayFittBounceView.xib */,
			);
			path = PlayFittBounceView;
			sourceTree = "<group>";
		};
		94C259B72547445600EDB439 = {
			isa = PBXGroup;
			children = (
				94C259C22547445600EDB439 /* Shape-Animations */,
				94C259C12547445600EDB439 /* Products */,
			);
			sourceTree = "<group>";
		};
		94C259C12547445600EDB439 /* Products */ = {
			isa = PBXGroup;
			children = (
				94C259C02547445600EDB439 /* Shape-Animations.app */,
			);
			name = Products;
			sourceTree = "<group>";
		};
		94C259C22547445600EDB439 /* Shape-Animations */ = {
			isa = PBXGroup;
			children = (
				948296E825479ED500B93641 /* PlayFittBounceView */,
				94C259F02547828C00EDB439 /* ViewControllers */,
				94C259D92547456F00EDB439 /* CircleStackView */,
				94C259C92547445600EDB439 /* Main.storyboard */,
				94C259C32547445600EDB439 /* AppDelegate.swift */,
				94C259C52547445600EDB439 /* SceneDelegate.swift */,
				94C259CC2547445800EDB439 /* Assets.xcassets */,
				94C259CE2547445800EDB439 /* LaunchScreen.storyboard */,
				94C259D12547445800EDB439 /* Info.plist */,
				9479E0A52548B55B00FE92EC /* UIView+Extension.swift */,
			);
			path = "Shape-Animations";
			sourceTree = "<group>";
		};
		94C259D92547456F00EDB439 /* CircleStackView */ = {
			isa = PBXGroup;
			children = (
				94C259DB2547459900EDB439 /* CircleStackView.swift */,
			);
			path = CircleStackView;
			sourceTree = "<group>";
		};
		94C259F02547828C00EDB439 /* ViewControllers */ = {
			isa = PBXGroup;
			children = (
				94C259C72547445600EDB439 /* CirclesViewController.swift */,
				94C259E92547614100EDB439 /* SecondCirclesViewController.swift */,
				94C259ED2547828400EDB439 /* CircleTriangleViewController.swift */,
				948296E525479E3500B93641 /* PlayFittBounceViewController.swift */,
				948296F22547C32300B93641 /* SpinningGritViewController.swift */,
			);
			path = ViewControllers;
			sourceTree = "<group>";
		};
/* End PBXGroup section */

/* Begin PBXNativeTarget section */
		94C259BF2547445600EDB439 /* Shape-Animations */ = {
			isa = PBXNativeTarget;
			buildConfigurationList = 94C259D42547445800EDB439 /* Build configuration list for PBXNativeTarget "Shape-Animations" */;
			buildPhases = (
				94C259BC2547445600EDB439 /* Sources */,
				94C259BD2547445600EDB439 /* Frameworks */,
				94C259BE2547445600EDB439 /* Resources */,
			);
			buildRules = (
			);
			dependencies = (
			);
			name = "Shape-Animations";
			productName = "Shape-Animations";
			productReference = 94C259C02547445600EDB439 /* Shape-Animations.app */;
			productType = "com.apple.product-type.application";
		};
/* End PBXNativeTarget section */

/* Begin PBXProject section */
		94C259B82547445600EDB439 /* Project object */ = {
			isa = PBXProject;
			attributes = {
				LastSwiftUpdateCheck = 1210;
				LastUpgradeCheck = 1210;
				TargetAttributes = {
					94C259BF2547445600EDB439 = {
						CreatedOnToolsVersion = 12.1;
					};
				};
			};
			buildConfigurationList = 94C259BB2547445600EDB439 /* Build configuration list for PBXProject "Shape-Animations" */;
			compatibilityVersion = "Xcode 9.3";
			developmentRegion = en;
			hasScannedForEncodings = 0;
			knownRegions = (
				en,
				Base,
			);
			mainGroup = 94C259B72547445600EDB439;
			productRefGroup = 94C259C12547445600EDB439 /* Products */;
			projectDirPath = "";
			projectRoot = "";
			targets = (
				94C259BF2547445600EDB439 /* Shape-Animations */,
			);
		};
/* End PBXProject section */

/* Begin PBXResourcesBuildPhase section */
		94C259BE2547445600EDB439 /* Resources */ = {
			isa = PBXResourcesBuildPhase;
			buildActionMask = 2147483647;
			files = (
				94C259D02547445800EDB439 /* LaunchScreen.storyboard in Resources */,
				94C259CD2547445800EDB439 /* Assets.xcassets in Resources */,
				94C259CB2547445600EDB439 /* Main.storyboard in Resources */,
				948296EE25479F0300B93641 /* PlayFittBounceView.xib in Resources */,
			);
			runOnlyForDeploymentPostprocessing = 0;
		};
/* End PBXResourcesBuildPhase section */

/* Begin PBXSourcesBuildPhase section */
		94C259BC2547445600EDB439 /* Sources */ = {
			isa = PBXSourcesBuildPhase;
			buildActionMask = 2147483647;
			files = (
				948296F32547C32300B93641 /* SpinningGritViewController.swift in Sources */,
				94C259C82547445600EDB439 /* CirclesViewController.swift in Sources */,
				94C259C42547445600EDB439 /* AppDelegate.swift in Sources */,
				94C259C62547445600EDB439 /* SceneDelegate.swift in Sources */,
				948296E625479E3500B93641 /* PlayFittBounceViewController.swift in Sources */,
				94C259EA2547614100EDB439 /* SecondCirclesViewController.swift in Sources */,
				94C259EE2547828400EDB439 /* CircleTriangleViewController.swift in Sources */,
				94C259DC2547459900EDB439 /* CircleStackView.swift in Sources */,
				9479E0A62548B55B00FE92EC /* UIView+Extension.swift in Sources */,
				948296EA25479EF000B93641 /* PlayFittBounceView.swift in Sources */,
			);
			runOnlyForDeploymentPostprocessing = 0;
		};
/* End PBXSourcesBuildPhase section */

/* Begin PBXVariantGroup section */
		94C259C92547445600EDB439 /* Main.storyboard */ = {
			isa = PBXVariantGroup;
			children = (
				94C259CA2547445600EDB439 /* Base */,
			);
			name = Main.storyboard;
			sourceTree = "<group>";
		};
		94C259CE2547445800EDB439 /* LaunchScreen.storyboard */ = {
			isa = PBXVariantGroup;
			children = (
				94C259CF2547445800EDB439 /* Base */,
			);
			name = LaunchScreen.storyboard;
			sourceTree = "<group>";
		};
/* End PBXVariantGroup section */

/* Begin XCBuildConfiguration section */
		94C259D22547445800EDB439 /* Debug */ = {
			isa = XCBuildConfiguration;
			buildSettings = {
				ALWAYS_SEARCH_USER_PATHS = NO;
				CLANG_ANALYZER_NONNULL = YES;
				CLANG_ANALYZER_NUMBER_OBJECT_CONVERSION = YES_AGGRESSIVE;
				CLANG_CXX_LANGUAGE_STANDARD = "gnu++14";
				CLANG_CXX_LIBRARY = "libc++";
				CLANG_ENABLE_MODULES = YES;
				CLANG_ENABLE_OBJC_ARC = YES;
				CLANG_ENABLE_OBJC_WEAK = YES;
				CLANG_WARN_BLOCK_CAPTURE_AUTORELEASING = YES;
				CLANG_WARN_BOOL_CONVERSION = YES;
				CLANG_WARN_COMMA = YES;
				CLANG_WARN_CONSTANT_CONVERSION = YES;
				CLANG_WARN_DEPRECATED_OBJC_IMPLEMENTATIONS = YES;
				CLANG_WARN_DIRECT_OBJC_ISA_USAGE = YES_ERROR;
				CLANG_WARN_DOCUMENTATION_COMMENTS = YES;
				CLANG_WARN_EMPTY_BODY = YES;
				CLANG_WARN_ENUM_CONVERSION = YES;
				CLANG_WARN_INFINITE_RECURSION = YES;
				CLANG_WARN_INT_CONVERSION = YES;
				CLANG_WARN_NON_LITERAL_NULL_CONVERSION = YES;
				CLANG_WARN_OBJC_IMPLICIT_RETAIN_SELF = YES;
				CLANG_WARN_OBJC_LITERAL_CONVERSION = YES;
				CLANG_WARN_OBJC_ROOT_CLASS = YES_ERROR;
				CLANG_WARN_QUOTED_INCLUDE_IN_FRAMEWORK_HEADER = YES;
				CLANG_WARN_RANGE_LOOP_ANALYSIS = YES;
				CLANG_WARN_STRICT_PROTOTYPES = YES;
				CLANG_WARN_SUSPICIOUS_MOVE = YES;
				CLANG_WARN_UNGUARDED_AVAILABILITY = YES_AGGRESSIVE;
				CLANG_WARN_UNREACHABLE_CODE = YES;
				CLANG_WARN__DUPLICATE_METHOD_MATCH = YES;
				COPY_PHASE_STRIP = NO;
				DEBUG_INFORMATION_FORMAT = dwarf;
				ENABLE_STRICT_OBJC_MSGSEND = YES;
				ENABLE_TESTABILITY = YES;
				GCC_C_LANGUAGE_STANDARD = gnu11;
				GCC_DYNAMIC_NO_PIC = NO;
				GCC_NO_COMMON_BLOCKS = YES;
				GCC_OPTIMIZATION_LEVEL = 0;
				GCC_PREPROCESSOR_DEFINITIONS = (
					"DEBUG=1",
					"$(inherited)",
				);
				GCC_WARN_64_TO_32_BIT_CONVERSION = YES;
				GCC_WARN_ABOUT_RETURN_TYPE = YES_ERROR;
				GCC_WARN_UNDECLARED_SELECTOR = YES;
				GCC_WARN_UNINITIALIZED_AUTOS = YES_AGGRESSIVE;
				GCC_WARN_UNUSED_FUNCTION = YES;
				GCC_WARN_UNUSED_VARIABLE = YES;
				IPHONEOS_DEPLOYMENT_TARGET = 14.1;
				MTL_ENABLE_DEBUG_INFO = INCLUDE_SOURCE;
				MTL_FAST_MATH = YES;
				ONLY_ACTIVE_ARCH = YES;
				SDKROOT = iphoneos;
				SWIFT_ACTIVE_COMPILATION_CONDITIONS = DEBUG;
				SWIFT_OPTIMIZATION_LEVEL = "-Onone";
			};
			name = Debug;
		};
		94C259D32547445800EDB439 /* Release */ = {
			isa = XCBuildConfiguration;
			buildSettings = {
				ALWAYS_SEARCH_USER_PATHS = NO;
				CLANG_ANALYZER_NONNULL = YES;
				CLANG_ANALYZER_NUMBER_OBJECT_CONVERSION = YES_AGGRESSIVE;
				CLANG_CXX_LANGUAGE_STANDARD = "gnu++14";
				CLANG_CXX_LIBRARY = "libc++";
				CLANG_ENABLE_MODULES = YES;
				CLANG_ENABLE_OBJC_ARC = YES;
				CLANG_ENABLE_OBJC_WEAK = YES;
				CLANG_WARN_BLOCK_CAPTURE_AUTORELEASING = YES;
				CLANG_WARN_BOOL_CONVERSION = YES;
				CLANG_WARN_COMMA = YES;
				CLANG_WARN_CONSTANT_CONVERSION = YES;
				CLANG_WARN_DEPRECATED_OBJC_IMPLEMENTATIONS = YES;
				CLANG_WARN_DIRECT_OBJC_ISA_USAGE = YES_ERROR;
				CLANG_WARN_DOCUMENTATION_COMMENTS = YES;
				CLANG_WARN_EMPTY_BODY = YES;
				CLANG_WARN_ENUM_CONVERSION = YES;
				CLANG_WARN_INFINITE_RECURSION = YES;
				CLANG_WARN_INT_CONVERSION = YES;
				CLANG_WARN_NON_LITERAL_NULL_CONVERSION = YES;
				CLANG_WARN_OBJC_IMPLICIT_RETAIN_SELF = YES;
				CLANG_WARN_OBJC_LITERAL_CONVERSION = YES;
				CLANG_WARN_OBJC_ROOT_CLASS = YES_ERROR;
				CLANG_WARN_QUOTED_INCLUDE_IN_FRAMEWORK_HEADER = YES;
				CLANG_WARN_RANGE_LOOP_ANALYSIS = YES;
				CLANG_WARN_STRICT_PROTOTYPES = YES;
				CLANG_WARN_SUSPICIOUS_MOVE = YES;
				CLANG_WARN_UNGUARDED_AVAILABILITY = YES_AGGRESSIVE;
				CLANG_WARN_UNREACHABLE_CODE = YES;
				CLANG_WARN__DUPLICATE_METHOD_MATCH = YES;
				COPY_PHASE_STRIP = NO;
				DEBUG_INFORMATION_FORMAT = "dwarf-with-dsym";
				ENABLE_NS_ASSERTIONS = NO;
				ENABLE_STRICT_OBJC_MSGSEND = YES;
				GCC_C_LANGUAGE_STANDARD = gnu11;
				GCC_NO_COMMON_BLOCKS = YES;
				GCC_WARN_64_TO_32_BIT_CONVERSION = YES;
				GCC_WARN_ABOUT_RETURN_TYPE = YES_ERROR;
				GCC_WARN_UNDECLARED_SELECTOR = YES;
				GCC_WARN_UNINITIALIZED_AUTOS = YES_AGGRESSIVE;
				GCC_WARN_UNUSED_FUNCTION = YES;
				GCC_WARN_UNUSED_VARIABLE = YES;
				IPHONEOS_DEPLOYMENT_TARGET = 14.1;
				MTL_ENABLE_DEBUG_INFO = NO;
				MTL_FAST_MATH = YES;
				SDKROOT = iphoneos;
				SWIFT_COMPILATION_MODE = wholemodule;
				SWIFT_OPTIMIZATION_LEVEL = "-O";
				VALIDATE_PRODUCT = YES;
			};
			name = Release;
		};
		94C259D52547445800EDB439 /* Debug */ = {
			isa = XCBuildConfiguration;
			buildSettings = {
				ASSETCATALOG_COMPILER_APPICON_NAME = AppIcon;
				ASSETCATALOG_COMPILER_GLOBAL_ACCENT_COLOR_NAME = AccentColor;
				CODE_SIGN_STYLE = Automatic;
				DEVELOPMENT_TEAM = T6MXF72738;
				INFOPLIST_FILE = "Shape-Animations/Info.plist";
				IPHONEOS_DEPLOYMENT_TARGET = 14.0;
				LD_RUNPATH_SEARCH_PATHS = (
					"$(inherited)",
					"@executable_path/Frameworks",
				);
				PRODUCT_BUNDLE_IDENTIFIER = "com.RyanDavidForsyth.Shape-Animations";
				PRODUCT_NAME = "$(TARGET_NAME)";
				SWIFT_VERSION = 5.0;
				TARGETED_DEVICE_FAMILY = "1,2";
			};
			name = Debug;
		};
		94C259D62547445800EDB439 /* Release */ = {
			isa = XCBuildConfiguration;
			buildSettings = {
				ASSETCATALOG_COMPILER_APPICON_NAME = AppIcon;
				ASSETCATALOG_COMPILER_GLOBAL_ACCENT_COLOR_NAME = AccentColor;
				CODE_SIGN_STYLE = Automatic;
				DEVELOPMENT_TEAM = T6MXF72738;
				INFOPLIST_FILE = "Shape-Animations/Info.plist";
				IPHONEOS_DEPLOYMENT_TARGET = 14.0;
				LD_RUNPATH_SEARCH_PATHS = (
					"$(inherited)",
					"@executable_path/Frameworks",
				);
				PRODUCT_BUNDLE_IDENTIFIER = "com.RyanDavidForsyth.Shape-Animations";
				PRODUCT_NAME = "$(TARGET_NAME)";
				SWIFT_VERSION = 5.0;
				TARGETED_DEVICE_FAMILY = "1,2";
			};
			name = Release;
		};
/* End XCBuildConfiguration section */

/* Begin XCConfigurationList section */
		94C259BB2547445600EDB439 /* Build configuration list for PBXProject "Shape-Animations" */ = {
			isa = XCConfigurationList;
			buildConfigurations = (
				94C259D22547445800EDB439 /* Debug */,
				94C259D32547445800EDB439 /* Release */,
			);
			defaultConfigurationIsVisible = 0;
			defaultConfigurationName = Release;
		};
		94C259D42547445800EDB439 /* Build configuration list for PBXNativeTarget "Shape-Animations" */ = {
			isa = XCConfigurationList;
			buildConfigurations = (
				94C259D52547445800EDB439 /* Debug */,
				94C259D62547445800EDB439 /* Release */,
			);
			defaultConfigurationIsVisible = 0;
			defaultConfigurationName = Release;
		};
/* End XCConfigurationList section */
	};
	rootObject = 94C259B82547445600EDB439 /* Project object */;
}
